dependencies:
- name: redis
  repository: https://charts.bitnami.com/bitnami
  version: 17.8.1
- name: zimagi-lib
  repository: https://charts.zimagi.com
  version: 0.0.22
digest: sha256:829832a4b6bafb5dfe2cab0a44fd7ded64bf80b810aae0310c016e46665085bb
generated: "2023-02-28T20:31:25.770415059-05:00"
