dependencies:
- name: redis
  repository: https://charts.bitnami.com/bitnami
  version: 17.8.2
- name: zimagi-lib
  repository: https://charts.zimagi.com
  version: 0.0.24
digest: sha256:fbb5f542b1163fe3273ae2f521f497741ab616ffec034d242acc163de754e695
generated: "2023-03-02T11:43:18.917391723-05:00"
