dependencies:
- name: mysql
  repository: https://charts.bitnami.com/bitnami
  version: 9.5.0
- name: zimagi-lib
  repository: https://charts.zimagi.com
  version: 0.0.18
digest: sha256:9c0f35ebe26f2f72bacd55b8a0fc261dd9189a8e4252bc87b2feaa00f76ad97d
generated: "2023-02-25T10:33:45.259618106-05:00"
