dependencies:
- name: mysql
  repository: https://charts.bitnami.com/bitnami
  version: 9.5.0
- name: zimagi-lib
  repository: https://charts.zimagi.com
  version: 0.0.22
digest: sha256:02c16d0cb661e276c568ff9efa2e1dc3aeb325e83259e9e6e7b0cc9c365c3570
generated: "2023-02-28T20:34:51.183225152-05:00"
